
Microsoft Visual Studio Solution File, Format Version 12.00
# Visual Studio 15
VisualStudioVersion = 15.0.27428.2015
MinimumVisualStudioVersion = 10.0.40219.1
Project("{FAE04EC0-301F-11D3-BF4B-00C04F79EFBC}") = "SimpleActOfKindnessApp1", "SimpleActOfKindnessApp1\SimpleActOfKindnessApp1.csproj", "{B9A5D06E-E007-45D4-80FB-79C141E66A81}"
EndProject
Global
	GlobalSection(SolutionConfigurationPlatforms) = preSolution
		Debug|Any CPU = Debug|Any CPU
		Release|Any CPU = Release|Any CPU
	EndGlobalSection
	GlobalSection(ProjectConfigurationPlatforms) = postSolution
		{B9A5D06E-E007-45D4-80FB-79C141E66A81}.Debug|Any CPU.ActiveCfg = Debug|Any CPU
		{B9A5D06E-E007-45D4-80FB-79C141E66A81}.Debug|Any CPU.Build.0 = Debug|Any CPU
		{B9A5D06E-E007-45D4-80FB-79C141E66A81}.Release|Any CPU.ActiveCfg = Release|Any CPU
		{B9A5D06E-E007-45D4-80FB-79C141E66A81}.Release|Any CPU.Build.0 = Release|Any CPU
	EndGlobalSection
	GlobalSection(SolutionProperties) = preSolution
		HideSolutionNode = FALSE
	EndGlobalSection
	GlobalSection(ExtensibilityGlobals) = postSolution
		SolutionGuid = {1B20A25C-792E-4171-B7F6-652197298975}
	EndGlobalSection
EndGlobal
